
Microsoft Visual Studio Solution File, Format Version 12.00
# Visual Studio Version 16
VisualStudioVersion = 16.0.32002.261
MinimumVisualStudioVersion = 10.0.40219.1
Project("{FAE04EC0-301F-11D3-BF4B-00C04F79EFBC}") = "BubblesNotifier", "BubblesNotifier\BubblesNotifier.csproj", "{4FB729A0-E8B1-43B3-996B-0D535A0F94D1}"
EndProject
Global
	GlobalSection(SolutionConfigurationPlatforms) = preSolution
		Debug|Any CPU = Debug|Any CPU
		Release|Any CPU = Release|Any CPU
	EndGlobalSection
	GlobalSection(ProjectConfigurationPlatforms) = postSolution
		{4FB729A0-E8B1-43B3-996B-0D535A0F94D1}.Debug|Any CPU.ActiveCfg = Debug|Any CPU
		{4FB729A0-E8B1-43B3-996B-0D535A0F94D1}.Debug|Any CPU.Build.0 = Debug|Any CPU
		{4FB729A0-E8B1-43B3-996B-0D535A0F94D1}.Release|Any CPU.ActiveCfg = Release|Any CPU
		{4FB729A0-E8B1-43B3-996B-0D535A0F94D1}.Release|Any CPU.Build.0 = Release|Any CPU
	EndGlobalSection
	GlobalSection(SolutionProperties) = preSolution
		HideSolutionNode = FALSE
	EndGlobalSection
	GlobalSection(ExtensibilityGlobals) = postSolution
		SolutionGuid = {410DB3DD-9583-49C3-86AA-89EAA2F8F47E}
	EndGlobalSection
EndGlobal
